
Microsoft Visual Studio Solution File, Format Version 12.00
# Visual Studio Version 16
VisualStudioVersion = 16.0.30717.126
MinimumVisualStudioVersion = 10.0.40219.1
Project("{FAE04EC0-301F-11D3-BF4B-00C04F79EFBC}") = "Solution", "Solution\Solution.csproj", "{3D59E688-2DC9-4D92-ABBB-5C5F9B4A61CF}"
EndProject
Project("{FAE04EC0-301F-11D3-BF4B-00C04F79EFBC}") = "UnitTestProject", "UnitTestProject\UnitTestProject.csproj", "{3B230A5F-C2EB-4DB2-92DD-B9D6FEA76A8E}"
EndProject
Global
	GlobalSection(SolutionConfigurationPlatforms) = preSolution
		Debug|Any CPU = Debug|Any CPU
		Release|Any CPU = Release|Any CPU
	EndGlobalSection
	GlobalSection(ProjectConfigurationPlatforms) = postSolution
		{3D59E688-2DC9-4D92-ABBB-5C5F9B4A61CF}.Debug|Any CPU.ActiveCfg = Debug|Any CPU
		{3D59E688-2DC9-4D92-ABBB-5C5F9B4A61CF}.Debug|Any CPU.Build.0 = Debug|Any CPU
		{3D59E688-2DC9-4D92-ABBB-5C5F9B4A61CF}.Release|Any CPU.ActiveCfg = Release|Any CPU
		{3D59E688-2DC9-4D92-ABBB-5C5F9B4A61CF}.Release|Any CPU.Build.0 = Release|Any CPU
		{3B230A5F-C2EB-4DB2-92DD-B9D6FEA76A8E}.Debug|Any CPU.ActiveCfg = Debug|Any CPU
		{3B230A5F-C2EB-4DB2-92DD-B9D6FEA76A8E}.Debug|Any CPU.Build.0 = Debug|Any CPU
		{3B230A5F-C2EB-4DB2-92DD-B9D6FEA76A8E}.Release|Any CPU.ActiveCfg = Release|Any CPU
		{3B230A5F-C2EB-4DB2-92DD-B9D6FEA76A8E}.Release|Any CPU.Build.0 = Release|Any CPU
	EndGlobalSection
	GlobalSection(SolutionProperties) = preSolution
		HideSolutionNode = FALSE
	EndGlobalSection
	GlobalSection(ExtensibilityGlobals) = postSolution
		SolutionGuid = {48B4A7A5-9E73-4251-A0E3-5A05AABA840D}
	EndGlobalSection
EndGlobal
